// !$*UTF8*$!
{
	archiveVersion = 1;
	classes = {
	};
	objectVersion = 46;
	objects = {

/* Begin PBXBuildFile section */
		0448FFC916B4F48700E21FD8 /* Default-568h@2x.png in Resources */ = {isa = PBXBuildFile; fileRef = 0448FFC816B4F48700E21FD8 /* Default-568h@2x.png */; };
		4249137A15A5422B001F58DD /* WTMGlyphDetectorView.m in Sources */ = {isa = PBXBuildFile; fileRef = 4249137915A5422B001F58DD /* WTMGlyphDetectorView.m */; };
		4249138615A5544E001F58DD /* circle.json in Resources */ = {isa = PBXBuildFile; fileRef = 4249138015A5544E001F58DD /* circle.json */; };
		4249138815A5544E001F58DD /* square.json in Resources */ = {isa = PBXBuildFile; fileRef = 4249138215A5544E001F58DD /* square.json */; };
		4249138915A5544E001F58DD /* triangle.json in Resources */ = {isa = PBXBuildFile; fileRef = 4249138315A5544E001F58DD /* triangle.json */; };
		4249138A15A5544E001F58DD /* V.json in Resources */ = {isa = PBXBuildFile; fileRef = 4249138415A5544E001F58DD /* V.json */; };
		4249138B15A5544E001F58DD /* W.json in Resources */ = {isa = PBXBuildFile; fileRef = 4249138515A5544E001F58DD /* W.json */; };
		42E359D415A536C000C9A3F3 /* UIKit.framework in Frameworks */ = {isa = PBXBuildFile; fileRef = 42E359D315A536C000C9A3F3 /* UIKit.framework */; };
		42E359D615A536C000C9A3F3 /* Foundation.framework in Frameworks */ = {isa = PBXBuildFile; fileRef = 42E359D515A536C000C9A3F3 /* Foundation.framework */; };
		42E359D815A536C000C9A3F3 /* CoreGraphics.framework in Frameworks */ = {isa = PBXBuildFile; fileRef = 42E359D715A536C000C9A3F3 /* CoreGraphics.framework */; };
		42E359DE15A536C000C9A3F3 /* InfoPlist.strings in Resources */ = {isa = PBXBuildFile; fileRef = 42E359DC15A536C000C9A3F3 /* InfoPlist.strings */; };
		42E359E015A536C000C9A3F3 /* main.m in Sources */ = {isa = PBXBuildFile; fileRef = 42E359DF15A536C000C9A3F3 /* main.m */; };
		42E359E415A536C000C9A3F3 /* AppDelegate.m in Sources */ = {isa = PBXBuildFile; fileRef = 42E359E315A536C000C9A3F3 /* AppDelegate.m */; };
		42E359E715A536C000C9A3F3 /* ViewController.m in Sources */ = {isa = PBXBuildFile; fileRef = 42E359E615A536C000C9A3F3 /* ViewController.m */; };
		42E359EA15A536C000C9A3F3 /* ViewController_iPhone.xib in Resources */ = {isa = PBXBuildFile; fileRef = 42E359E815A536C000C9A3F3 /* ViewController_iPhone.xib */; };
		42E359ED15A536C000C9A3F3 /* ViewController_iPad.xib in Resources */ = {isa = PBXBuildFile; fileRef = 42E359EB15A536C000C9A3F3 /* ViewController_iPad.xib */; };
		6E79434C16EA48D4009259AB /* X.json in Resources */ = {isa = PBXBuildFile; fileRef = 6E79434B16EA48D4009259AB /* X.json */; };
		6E79435F16EA4DB0009259AB /* libWTMGlyph.a in Frameworks */ = {isa = PBXBuildFile; fileRef = 6E79435C16EA4DA1009259AB /* libWTMGlyph.a */; };
/* End PBXBuildFile section */

/* Begin PBXContainerItemProxy section */
		6E79435B16EA4DA1009259AB /* PBXContainerItemProxy */ = {
			isa = PBXContainerItemProxy;
			containerPortal = 6E79435616EA4DA1009259AB /* WTMGlyph.xcodeproj */;
			proxyType = 2;
			remoteGlobalIDString = EA6C92F6136DA457008AD709;
			remoteInfo = WTMGlyph;
		};
		6E79435D16EA4DA1009259AB /* PBXContainerItemProxy */ = {
			isa = PBXContainerItemProxy;
			containerPortal = 6E79435616EA4DA1009259AB /* WTMGlyph.xcodeproj */;
			proxyType = 2;
			remoteGlobalIDString = EA6C9303136DA457008AD709;
			remoteInfo = WTMGlyphTests;
		};
		6E79436016EA4DB5009259AB /* PBXContainerItemProxy */ = {
			isa = PBXContainerItemProxy;
			containerPortal = 6E79435616EA4DA1009259AB /* WTMGlyph.xcodeproj */;
			proxyType = 1;
			remoteGlobalIDString = EA6C92F5136DA457008AD709;
			remoteInfo = WTMGlyph;
		};
/* End PBXContainerItemProxy section */

/* Begin PBXFileReference section */
		0448FFC816B4F48700E21FD8 /* Default-568h@2x.png */ = {isa = PBXFileReference; lastKnownFileType = image.png; path = "Default-568h@2x.png"; sourceTree = "<group>"; };
		4249137815A5422B001F58DD /* WTMGlyphDetectorView.h */ = {isa = PBXFileReference; fileEncoding = 4; lastKnownFileType = sourcecode.c.h; path = WTMGlyphDetectorView.h; sourceTree = "<group>"; };
		4249137915A5422B001F58DD /* WTMGlyphDetectorView.m */ = {isa = PBXFileReference; fileEncoding = 4; lastKnownFileType = sourcecode.c.objc; path = WTMGlyphDetectorView.m; sourceTree = "<group>"; };
		4249138015A5544E001F58DD /* circle.json */ = {isa = PBXFileReference; fileEncoding = 4; lastKnownFileType = text.json; path = circle.json; sourceTree = "<group>"; };
		4249138215A5544E001F58DD /* square.json */ = {isa = PBXFileReference; fileEncoding = 4; lastKnownFileType = text.json; path = square.json; sourceTree = "<group>"; };
		4249138315A5544E001F58DD /* triangle.json */ = {isa = PBXFileReference; fileEncoding = 4; lastKnownFileType = text.json; path = triangle.json; sourceTree = "<group>"; };
		4249138415A5544E001F58DD /* V.json */ = {isa = PBXFileReference; fileEncoding = 4; lastKnownFileType = text.json; path = V.json; sourceTree = "<group>"; };
		4249138515A5544E001F58DD /* W.json */ = {isa = PBXFileReference; fileEncoding = 4; lastKnownFileType = text.json; path = W.json; sourceTree = "<group>"; };
		42E359CF15A536C000C9A3F3 /* WTMGlyphDemo.app */ = {isa = PBXFileReference; explicitFileType = wrapper.application; includeInIndex = 0; path = WTMGlyphDemo.app; sourceTree = BUILT_PRODUCTS_DIR; };
		42E359D315A536C000C9A3F3 /* UIKit.framework */ = {isa = PBXFileReference; lastKnownFileType = wrapper.framework; name = UIKit.framework; path = System/Library/Frameworks/UIKit.framework; sourceTree = SDKROOT; };
		42E359D515A536C000C9A3F3 /* Foundation.framework */ = {isa = PBXFileReference; lastKnownFileType = wrapper.framework; name = Foundation.framework; path = System/Library/Frameworks/Foundation.framework; sourceTree = SDKROOT; };
		42E359D715A536C000C9A3F3 /* CoreGraphics.framework */ = {isa = PBXFileReference; lastKnownFileType = wrapper.framework; name = CoreGraphics.framework; path = System/Library/Frameworks/CoreGraphics.framework; sourceTree = SDKROOT; };
		42E359DB15A536C000C9A3F3 /* WTMGlyphDemo-Info.plist */ = {isa = PBXFileReference; lastKnownFileType = text.plist.xml; path = "WTMGlyphDemo-Info.plist"; sourceTree = "<group>"; };
		42E359DD15A536C000C9A3F3 /* en */ = {isa = PBXFileReference; lastKnownFileType = text.plist.strings; name = en; path = en.lproj/InfoPlist.strings; sourceTree = "<group>"; };
		42E359DF15A536C000C9A3F3 /* main.m */ = {isa = PBXFileReference; lastKnownFileType = sourcecode.c.objc; path = main.m; sourceTree = "<group>"; };
		42E359E115A536C000C9A3F3 /* WTMGlyphDemo-Prefix.pch */ = {isa = PBXFileReference; lastKnownFileType = sourcecode.c.h; path = "WTMGlyphDemo-Prefix.pch"; sourceTree = "<group>"; };
		42E359E215A536C000C9A3F3 /* AppDelegate.h */ = {isa = PBXFileReference; lastKnownFileType = sourcecode.c.h; path = AppDelegate.h; sourceTree = "<group>"; };
		42E359E315A536C000C9A3F3 /* AppDelegate.m */ = {isa = PBXFileReference; lastKnownFileType = sourcecode.c.objc; path = AppDelegate.m; sourceTree = "<group>"; };
		42E359E515A536C000C9A3F3 /* ViewController.h */ = {isa = PBXFileReference; lastKnownFileType = sourcecode.c.h; path = ViewController.h; sourceTree = "<group>"; };
		42E359E615A536C000C9A3F3 /* ViewController.m */ = {isa = PBXFileReference; lastKnownFileType = sourcecode.c.objc; path = ViewController.m; sourceTree = "<group>"; };
		42E359E915A536C000C9A3F3 /* en */ = {isa = PBXFileReference; lastKnownFileType = file.xib; name = en; path = en.lproj/ViewController_iPhone.xib; sourceTree = "<group>"; };
		42E359EC15A536C000C9A3F3 /* en */ = {isa = PBXFileReference; lastKnownFileType = file.xib; name = en; path = en.lproj/ViewController_iPad.xib; sourceTree = "<group>"; };
		6E79434B16EA48D4009259AB /* X.json */ = {isa = PBXFileReference; fileEncoding = 4; lastKnownFileType = text.json; path = X.json; sourceTree = "<group>"; };
		6E79435616EA4DA1009259AB /* WTMGlyph.xcodeproj */ = {isa = PBXFileReference; lastKnownFileType = "wrapper.pb-project"; path = WTMGlyph.xcodeproj; sourceTree = "<group>"; };
/* End PBXFileReference section */

/* Begin PBXFrameworksBuildPhase section */
		42E359CC15A536C000C9A3F3 /* Frameworks */ = {
			isa = PBXFrameworksBuildPhase;
			buildActionMask = 2147483647;
			files = (
				6E79435F16EA4DB0009259AB /* libWTMGlyph.a in Frameworks */,
				42E359D415A536C000C9A3F3 /* UIKit.framework in Frameworks */,
				42E359D615A536C000C9A3F3 /* Foundation.framework in Frameworks */,
				42E359D815A536C000C9A3F3 /* CoreGraphics.framework in Frameworks */,
			);
			runOnlyForDeploymentPostprocessing = 0;
		};
/* End PBXFrameworksBuildPhase section */

/* Begin PBXGroup section */
		4249137F15A5544E001F58DD /* gestures */ = {
			isa = PBXGroup;
			children = (
				4249138015A5544E001F58DD /* circle.json */,
				4249138215A5544E001F58DD /* square.json */,
				4249138315A5544E001F58DD /* triangle.json */,
				4249138415A5544E001F58DD /* V.json */,
				4249138515A5544E001F58DD /* W.json */,
				6E79434B16EA48D4009259AB /* X.json */,
			);
			path = gestures;
			sourceTree = "<group>";
		};
		42E359C415A536C000C9A3F3 = {
			isa = PBXGroup;
			children = (
				6E79435616EA4DA1009259AB /* WTMGlyph.xcodeproj */,
				0448FFC816B4F48700E21FD8 /* Default-568h@2x.png */,
				42E359D915A536C000C9A3F3 /* WTMGlyphDemo */,
				42E359D215A536C000C9A3F3 /* Frameworks */,
				42E359D015A536C000C9A3F3 /* Products */,
			);
			sourceTree = "<group>";
		};
		42E359D015A536C000C9A3F3 /* Products */ = {
			isa = PBXGroup;
			children = (
				42E359CF15A536C000C9A3F3 /* WTMGlyphDemo.app */,
			);
			name = Products;
			sourceTree = "<group>";
		};
		42E359D215A536C000C9A3F3 /* Frameworks */ = {
			isa = PBXGroup;
			children = (
				42E359D315A536C000C9A3F3 /* UIKit.framework */,
				42E359D515A536C000C9A3F3 /* Foundation.framework */,
				42E359D715A536C000C9A3F3 /* CoreGraphics.framework */,
			);
			name = Frameworks;
			sourceTree = "<group>";
		};
		42E359D915A536C000C9A3F3 /* WTMGlyphDemo */ = {
			isa = PBXGroup;
			children = (
				4249137F15A5544E001F58DD /* gestures */,
				42E359E215A536C000C9A3F3 /* AppDelegate.h */,
				42E359E315A536C000C9A3F3 /* AppDelegate.m */,
				42E359E515A536C000C9A3F3 /* ViewController.h */,
				42E359E615A536C000C9A3F3 /* ViewController.m */,
				4249137815A5422B001F58DD /* WTMGlyphDetectorView.h */,
				4249137915A5422B001F58DD /* WTMGlyphDetectorView.m */,
				42E359E815A536C000C9A3F3 /* ViewController_iPhone.xib */,
				42E359EB15A536C000C9A3F3 /* ViewController_iPad.xib */,
				42E359DA15A536C000C9A3F3 /* Supporting Files */,
			);
			path = WTMGlyphDemo;
			sourceTree = "<group>";
		};
		42E359DA15A536C000C9A3F3 /* Supporting Files */ = {
			isa = PBXGroup;
			children = (
				42E359DB15A536C000C9A3F3 /* WTMGlyphDemo-Info.plist */,
				42E359DC15A536C000C9A3F3 /* InfoPlist.strings */,
				42E359DF15A536C000C9A3F3 /* main.m */,
				42E359E115A536C000C9A3F3 /* WTMGlyphDemo-Prefix.pch */,
			);
			name = "Supporting Files";
			sourceTree = "<group>";
		};
		6E79435716EA4DA1009259AB /* Products */ = {
			isa = PBXGroup;
			children = (
				6E79435C16EA4DA1009259AB /* libWTMGlyph.a */,
				6E79435E16EA4DA1009259AB /* WTMGlyphTests.octest */,
			);
			name = Products;
			sourceTree = "<group>";
		};
/* End PBXGroup section */

/* Begin PBXNativeTarget section */
		42E359CE15A536C000C9A3F3 /* WTMGlyphDemo */ = {
			isa = PBXNativeTarget;
			buildConfigurationList = 42E359F015A536C000C9A3F3 /* Build configuration list for PBXNativeTarget "WTMGlyphDemo" */;
			buildPhases = (
				42E359CB15A536C000C9A3F3 /* Sources */,
				42E359CC15A536C000C9A3F3 /* Frameworks */,
				42E359CD15A536C000C9A3F3 /* Resources */,
			);
			buildRules = (
			);
			dependencies = (
				6E79436116EA4DB5009259AB /* PBXTargetDependency */,
			);
			name = WTMGlyphDemo;
			productName = WTMGlyphDemo;
			productReference = 42E359CF15A536C000C9A3F3 /* WTMGlyphDemo.app */;
			productType = "com.apple.product-type.application";
		};
/* End PBXNativeTarget section */

/* Begin PBXProject section */
		42E359C615A536C000C9A3F3 /* Project object */ = {
			isa = PBXProject;
			attributes = {
				LastUpgradeCheck = 0430;
				ORGANIZATIONNAME = "torin.nguyen@2359media.com";
			};
			buildConfigurationList = 42E359C915A536C000C9A3F3 /* Build configuration list for PBXProject "WTMGlyphDemo" */;
			compatibilityVersion = "Xcode 3.2";
			developmentRegion = English;
			hasScannedForEncodings = 0;
			knownRegions = (
				en,
			);
			mainGroup = 42E359C415A536C000C9A3F3;
			productRefGroup = 42E359D015A536C000C9A3F3 /* Products */;
			projectDirPath = "";
			projectReferences = (
				{
					ProductGroup = 6E79435716EA4DA1009259AB /* Products */;
					ProjectRef = 6E79435616EA4DA1009259AB /* WTMGlyph.xcodeproj */;
				},
			);
			projectRoot = "";
			targets = (
				42E359CE15A536C000C9A3F3 /* WTMGlyphDemo */,
			);
		};
/* End PBXProject section */

/* Begin PBXReferenceProxy section */
		6E79435C16EA4DA1009259AB /* libWTMGlyph.a */ = {
			isa = PBXReferenceProxy;
			fileType = archive.ar;
			path = libWTMGlyph.a;
			remoteRef = 6E79435B16EA4DA1009259AB /* PBXContainerItemProxy */;
			sourceTree = BUILT_PRODUCTS_DIR;
		};
		6E79435E16EA4DA1009259AB /* WTMGlyphTests.octest */ = {
			isa = PBXReferenceProxy;
			fileType = wrapper.cfbundle;
			path = WTMGlyphTests.octest;
			remoteRef = 6E79435D16EA4DA1009259AB /* PBXContainerItemProxy */;
			sourceTree = BUILT_PRODUCTS_DIR;
		};
/* End PBXReferenceProxy section */

/* Begin PBXResourcesBuildPhase section */
		42E359CD15A536C000C9A3F3 /* Resources */ = {
			isa = PBXResourcesBuildPhase;
			buildActionMask = 2147483647;
			files = (
				42E359DE15A536C000C9A3F3 /* InfoPlist.strings in Resources */,
				42E359EA15A536C000C9A3F3 /* ViewController_iPhone.xib in Resources */,
				42E359ED15A536C000C9A3F3 /* ViewController_iPad.xib in Resources */,
				4249138615A5544E001F58DD /* circle.json in Resources */,
				4249138815A5544E001F58DD /* square.json in Resources */,
				4249138915A5544E001F58DD /* triangle.json in Resources */,
				4249138A15A5544E001F58DD /* V.json in Resources */,
				4249138B15A5544E001F58DD /* W.json in Resources */,
				0448FFC916B4F48700E21FD8 /* Default-568h@2x.png in Resources */,
				6E79434C16EA48D4009259AB /* X.json in Resources */,
			);
			runOnlyForDeploymentPostprocessing = 0;
		};
/* End PBXResourcesBuildPhase section */

/* Begin PBXSourcesBuildPhase section */
		42E359CB15A536C000C9A3F3 /* Sources */ = {
			isa = PBXSourcesBuildPhase;
			buildActionMask = 2147483647;
			files = (
				42E359E015A536C000C9A3F3 /* main.m in Sources */,
				42E359E415A536C000C9A3F3 /* AppDelegate.m in Sources */,
				42E359E715A536C000C9A3F3 /* ViewController.m in Sources */,
				4249137A15A5422B001F58DD /* WTMGlyphDetectorView.m in Sources */,
			);
			runOnlyForDeploymentPostprocessing = 0;
		};
/* End PBXSourcesBuildPhase section */

/* Begin PBXTargetDependency section */
		6E79436116EA4DB5009259AB /* PBXTargetDependency */ = {
			isa = PBXTargetDependency;
			name = WTMGlyph;
			targetProxy = 6E79436016EA4DB5009259AB /* PBXContainerItemProxy */;
		};
/* End PBXTargetDependency section */

/* Begin PBXVariantGroup section */
		42E359DC15A536C000C9A3F3 /* InfoPlist.strings */ = {
			isa = PBXVariantGroup;
			children = (
				42E359DD15A536C000C9A3F3 /* en */,
			);
			name = InfoPlist.strings;
			sourceTree = "<group>";
		};
		42E359E815A536C000C9A3F3 /* ViewController_iPhone.xib */ = {
			isa = PBXVariantGroup;
			children = (
				42E359E915A536C000C9A3F3 /* en */,
			);
			name = ViewController_iPhone.xib;
			sourceTree = "<group>";
		};
		42E359EB15A536C000C9A3F3 /* ViewController_iPad.xib */ = {
			isa = PBXVariantGroup;
			children = (
				42E359EC15A536C000C9A3F3 /* en */,
			);
			name = ViewController_iPad.xib;
			sourceTree = "<group>";
		};
/* End PBXVariantGroup section */

/* Begin XCBuildConfiguration section */
		42E359EE15A536C000C9A3F3 /* Debug */ = {
			isa = XCBuildConfiguration;
			buildSettings = {
				ALWAYS_SEARCH_USER_PATHS = NO;
				ARCHS = "$(ARCHS_STANDARD_32_BIT)";
				CLANG_ENABLE_OBJC_ARC = YES;
				"CODE_SIGN_IDENTITY[sdk=iphoneos*]" = "iPhone Developer";
				COPY_PHASE_STRIP = NO;
				GCC_C_LANGUAGE_STANDARD = gnu99;
				GCC_DYNAMIC_NO_PIC = NO;
				GCC_OPTIMIZATION_LEVEL = 0;
				GCC_PREPROCESSOR_DEFINITIONS = (
					"DEBUG=1",
					"$(inherited)",
				);
				GCC_SYMBOLS_PRIVATE_EXTERN = NO;
				GCC_VERSION = com.apple.compilers.llvm.clang.1_0;
				GCC_WARN_ABOUT_RETURN_TYPE = YES;
				GCC_WARN_UNINITIALIZED_AUTOS = YES;
				GCC_WARN_UNUSED_VARIABLE = YES;
				HEADER_SEARCH_PATHS = "$(CONFIGURATION_BUILD_DIR)";
				IPHONEOS_DEPLOYMENT_TARGET = 5.1;
				SDKROOT = iphoneos;
				TARGETED_DEVICE_FAMILY = "1,2";
			};
			name = Debug;
		};
		42E359EF15A536C000C9A3F3 /* Release */ = {
			isa = XCBuildConfiguration;
			buildSettings = {
				ALWAYS_SEARCH_USER_PATHS = NO;
				ARCHS = "$(ARCHS_STANDARD_32_BIT)";
				CLANG_ENABLE_OBJC_ARC = YES;
				"CODE_SIGN_IDENTITY[sdk=iphoneos*]" = "iPhone Developer";
				COPY_PHASE_STRIP = YES;
				GCC_C_LANGUAGE_STANDARD = gnu99;
				GCC_VERSION = com.apple.compilers.llvm.clang.1_0;
				GCC_WARN_ABOUT_RETURN_TYPE = YES;
				GCC_WARN_UNINITIALIZED_AUTOS = YES;
				GCC_WARN_UNUSED_VARIABLE = YES;
				HEADER_SEARCH_PATHS = "$(CONFIGURATION_BUILD_DIR)";
				IPHONEOS_DEPLOYMENT_TARGET = 5.1;
				OTHER_CFLAGS = "-DNS_BLOCK_ASSERTIONS=1";
				SDKROOT = iphoneos;
				TARGETED_DEVICE_FAMILY = "1,2";
				VALIDATE_PRODUCT = YES;
			};
			name = Release;
		};
		42E359F115A536C000C9A3F3 /* Debug */ = {
			isa = XCBuildConfiguration;
			buildSettings = {
				GCC_PRECOMPILE_PREFIX_HEADER = YES;
				GCC_PREFIX_HEADER = "WTMGlyphDemo/WTMGlyphDemo-Prefix.pch";
				INFOPLIST_FILE = "WTMGlyphDemo/WTMGlyphDemo-Info.plist";
				PRODUCT_NAME = "$(TARGET_NAME)";
				WRAPPER_EXTENSION = app;
			};
			name = Debug;
		};
		42E359F215A536C000C9A3F3 /* Release */ = {
			isa = XCBuildConfiguration;
			buildSettings = {
				GCC_PRECOMPILE_PREFIX_HEADER = YES;
				GCC_PREFIX_HEADER = "WTMGlyphDemo/WTMGlyphDemo-Prefix.pch";
				INFOPLIST_FILE = "WTMGlyphDemo/WTMGlyphDemo-Info.plist";
				PRODUCT_NAME = "$(TARGET_NAME)";
				WRAPPER_EXTENSION = app;
			};
			name = Release;
		};
/* End XCBuildConfiguration section */

/* Begin XCConfigurationList section */
		42E359C915A536C000C9A3F3 /* Build configuration list for PBXProject "WTMGlyphDemo" */ = {
			isa = XCConfigurationList;
			buildConfigurations = (
				42E359EE15A536C000C9A3F3 /* Debug */,
				42E359EF15A536C000C9A3F3 /* Release */,
			);
			defaultConfigurationIsVisible = 0;
			defaultConfigurationName = Release;
		};
		42E359F015A536C000C9A3F3 /* Build configuration list for PBXNativeTarget "WTMGlyphDemo" */ = {
			isa = XCConfigurationList;
			buildConfigurations = (
				42E359F115A536C000C9A3F3 /* Debug */,
				42E359F215A536C000C9A3F3 /* Release */,
			);
			defaultConfigurationIsVisible = 0;
			defaultConfigurationName = Release;
		};
/* End XCConfigurationList section */
	};
	rootObject = 42E359C615A536C000C9A3F3 /* Project object */;
}
